
Microsoft Visual Studio Solution File, Format Version 12.00
# Visual Studio Version 17
VisualStudioVersion = 17.1.32210.238
MinimumVisualStudioVersion = 10.0.40219.1
Project("{8BC9CEB8-8B4A-11D0-8D11-00A0C91BC942}") = "CPCD", "CPCD.vcxproj", "{C46B44B1-C80E-4857-AA84-363D08913717}"
EndProject
Global
	GlobalSection(SolutionConfigurationPlatforms) = preSolution
		Debug|x64 = Debug|x64
		Debug|x86 = Debug|x86
		Release|x64 = Release|x64
		Release|x86 = Release|x86
	EndGlobalSection
	GlobalSection(ProjectConfigurationPlatforms) = postSolution
		{C46B44B1-C80E-4857-AA84-363D08913717}.Debug|x64.ActiveCfg = Debug|x64
		{C46B44B1-C80E-4857-AA84-363D08913717}.Debug|x64.Build.0 = Debug|x64
		{C46B44B1-C80E-4857-AA84-363D08913717}.Debug|x86.ActiveCfg = Debug|Win32
		{C46B44B1-C80E-4857-AA84-363D08913717}.Debug|x86.Build.0 = Debug|Win32
		{C46B44B1-C80E-4857-AA84-363D08913717}.Release|x64.ActiveCfg = Release|x64
		{C46B44B1-C80E-4857-AA84-363D08913717}.Release|x64.Build.0 = Release|x64
		{C46B44B1-C80E-4857-AA84-363D08913717}.Release|x86.ActiveCfg = Release|Win32
		{C46B44B1-C80E-4857-AA84-363D08913717}.Release|x86.Build.0 = Release|Win32
	EndGlobalSection
	GlobalSection(SolutionProperties) = preSolution
		HideSolutionNode = FALSE
	EndGlobalSection
	GlobalSection(ExtensibilityGlobals) = postSolution
		SolutionGuid = {DB8E8CC4-0C8D-4279-B669-CB85313AFD1E}
	EndGlobalSection
EndGlobal
